
Microsoft Visual Studio Solution File, Format Version 12.00
# Visual Studio 15
VisualStudioVersion = 15.0.26124.0
MinimumVisualStudioVersion = 15.0.26124.0
Project("{FAE04EC0-301F-11D3-BF4B-00C04F79EFBC}") = "API", "API\API.csproj", "{10E032C0-F64D-4C83-ADEA-D12237B3A7CB}"
EndProject
Project("{FAE04EC0-301F-11D3-BF4B-00C04F79EFBC}") = "Core", "Core\Core.csproj", "{29E37D35-C684-4641-B5C3-BE5C167177C4}"
EndProject
Project("{FAE04EC0-301F-11D3-BF4B-00C04F79EFBC}") = "Infrastructure", "Infrastructure\Infrastructure.csproj", "{35B03183-F289-4C47-A23A-24CB96D8D9A0}"
EndProject
Global
	GlobalSection(SolutionConfigurationPlatforms) = preSolution
		Debug|Any CPU = Debug|Any CPU
		Debug|x64 = Debug|x64
		Debug|x86 = Debug|x86
		Release|Any CPU = Release|Any CPU
		Release|x64 = Release|x64
		Release|x86 = Release|x86
	EndGlobalSection
	GlobalSection(SolutionProperties) = preSolution
		HideSolutionNode = FALSE
	EndGlobalSection
	GlobalSection(ProjectConfigurationPlatforms) = postSolution
		{10E032C0-F64D-4C83-ADEA-D12237B3A7CB}.Debug|Any CPU.ActiveCfg = Debug|Any CPU
		{10E032C0-F64D-4C83-ADEA-D12237B3A7CB}.Debug|Any CPU.Build.0 = Debug|Any CPU
		{10E032C0-F64D-4C83-ADEA-D12237B3A7CB}.Debug|x64.ActiveCfg = Debug|Any CPU
		{10E032C0-F64D-4C83-ADEA-D12237B3A7CB}.Debug|x64.Build.0 = Debug|Any CPU
		{10E032C0-F64D-4C83-ADEA-D12237B3A7CB}.Debug|x86.ActiveCfg = Debug|Any CPU
		{10E032C0-F64D-4C83-ADEA-D12237B3A7CB}.Debug|x86.Build.0 = Debug|Any CPU
		{10E032C0-F64D-4C83-ADEA-D12237B3A7CB}.Release|Any CPU.ActiveCfg = Release|Any CPU
		{10E032C0-F64D-4C83-ADEA-D12237B3A7CB}.Release|Any CPU.Build.0 = Release|Any CPU
		{10E032C0-F64D-4C83-ADEA-D12237B3A7CB}.Release|x64.ActiveCfg = Release|Any CPU
		{10E032C0-F64D-4C83-ADEA-D12237B3A7CB}.Release|x64.Build.0 = Release|Any CPU
		{10E032C0-F64D-4C83-ADEA-D12237B3A7CB}.Release|x86.ActiveCfg = Release|Any CPU
		{10E032C0-F64D-4C83-ADEA-D12237B3A7CB}.Release|x86.Build.0 = Release|Any CPU
		{29E37D35-C684-4641-B5C3-BE5C167177C4}.Debug|Any CPU.ActiveCfg = Debug|Any CPU
		{29E37D35-C684-4641-B5C3-BE5C167177C4}.Debug|Any CPU.Build.0 = Debug|Any CPU
		{29E37D35-C684-4641-B5C3-BE5C167177C4}.Debug|x64.ActiveCfg = Debug|Any CPU
		{29E37D35-C684-4641-B5C3-BE5C167177C4}.Debug|x64.Build.0 = Debug|Any CPU
		{29E37D35-C684-4641-B5C3-BE5C167177C4}.Debug|x86.ActiveCfg = Debug|Any CPU
		{29E37D35-C684-4641-B5C3-BE5C167177C4}.Debug|x86.Build.0 = Debug|Any CPU
		{29E37D35-C684-4641-B5C3-BE5C167177C4}.Release|Any CPU.ActiveCfg = Release|Any CPU
		{29E37D35-C684-4641-B5C3-BE5C167177C4}.Release|Any CPU.Build.0 = Release|Any CPU
		{29E37D35-C684-4641-B5C3-BE5C167177C4}.Release|x64.ActiveCfg = Release|Any CPU
		{29E37D35-C684-4641-B5C3-BE5C167177C4}.Release|x64.Build.0 = Release|Any CPU
		{29E37D35-C684-4641-B5C3-BE5C167177C4}.Release|x86.ActiveCfg = Release|Any CPU
		{29E37D35-C684-4641-B5C3-BE5C167177C4}.Release|x86.Build.0 = Release|Any CPU
		{35B03183-F289-4C47-A23A-24CB96D8D9A0}.Debug|Any CPU.ActiveCfg = Debug|Any CPU
		{35B03183-F289-4C47-A23A-24CB96D8D9A0}.Debug|Any CPU.Build.0 = Debug|Any CPU
		{35B03183-F289-4C47-A23A-24CB96D8D9A0}.Debug|x64.ActiveCfg = Debug|Any CPU
		{35B03183-F289-4C47-A23A-24CB96D8D9A0}.Debug|x64.Build.0 = Debug|Any CPU
		{35B03183-F289-4C47-A23A-24CB96D8D9A0}.Debug|x86.ActiveCfg = Debug|Any CPU
		{35B03183-F289-4C47-A23A-24CB96D8D9A0}.Debug|x86.Build.0 = Debug|Any CPU
		{35B03183-F289-4C47-A23A-24CB96D8D9A0}.Release|Any CPU.ActiveCfg = Release|Any CPU
		{35B03183-F289-4C47-A23A-24CB96D8D9A0}.Release|Any CPU.Build.0 = Release|Any CPU
		{35B03183-F289-4C47-A23A-24CB96D8D9A0}.Release|x64.ActiveCfg = Release|Any CPU
		{35B03183-F289-4C47-A23A-24CB96D8D9A0}.Release|x64.Build.0 = Release|Any CPU
		{35B03183-F289-4C47-A23A-24CB96D8D9A0}.Release|x86.ActiveCfg = Release|Any CPU
		{35B03183-F289-4C47-A23A-24CB96D8D9A0}.Release|x86.Build.0 = Release|Any CPU
	EndGlobalSection
EndGlobal
